// !$*UTF8*$!
{
	archiveVersion = 1;
	classes = {
	};
	objectVersion = 56;
	objects = {

/* Begin PBXBuildFile section */
		240468052C24315B00EC9935 /* CameraView.swift in Sources */ = {isa = PBXBuildFile; fileRef = 240468042C24315B00EC9935 /* CameraView.swift */; };
		240468092C2462FC00EC9935 /* FishDetector.mlmodel in Sources */ = {isa = PBXBuildFile; fileRef = 240468082C2462FC00EC9935 /* FishDetector.mlmodel */; };
		2404680B2C24670B00EC9935 /* AnalyseView.swift in Sources */ = {isa = PBXBuildFile; fileRef = 2404680A2C24670B00EC9935 /* AnalyseView.swift */; };
		2404680F2C247B1B00EC9935 /* ImageToPixelBuffer.swift in Sources */ = {isa = PBXBuildFile; fileRef = 2404680E2C247B1B00EC9935 /* ImageToPixelBuffer.swift */; };
		240468112C25649200EC9935 /* FishDetectorModel.swift in Sources */ = {isa = PBXBuildFile; fileRef = 240468102C25649200EC9935 /* FishDetectorModel.swift */; };
		240468382C2979EB00EC9935 /* dataFish.json in Resources */ = {isa = PBXBuildFile; fileRef = 240468372C2979EB00EC9935 /* dataFish.json */; };
		2404683A2C297CB000EC9935 /* HomeView.swift in Sources */ = {isa = PBXBuildFile; fileRef = 240468392C297CB000EC9935 /* HomeView.swift */; };
		2404683C2C29818E00EC9935 /* Fish.swift in Sources */ = {isa = PBXBuildFile; fileRef = 2404683B2C29818E00EC9935 /* Fish.swift */; };
		2404683E2C299A6F00EC9935 /* Breed.swift in Sources */ = {isa = PBXBuildFile; fileRef = 2404683D2C299A6F00EC9935 /* Breed.swift */; };
		240468402C29A6DC00EC9935 /* FishDetail.swift in Sources */ = {isa = PBXBuildFile; fileRef = 2404683F2C29A6DC00EC9935 /* FishDetail.swift */; };
		240468432C29BBF000EC9935 /* InformationIcon.swift in Sources */ = {isa = PBXBuildFile; fileRef = 240468422C29BBF000EC9935 /* InformationIcon.swift */; };
		240468462C2BF96100EC9935 /* ActivityView.swift in Sources */ = {isa = PBXBuildFile; fileRef = 240468452C2BF96100EC9935 /* ActivityView.swift */; };
		240468482C2C023C00EC9935 /* StatView.swift in Sources */ = {isa = PBXBuildFile; fileRef = 240468472C2C023C00EC9935 /* StatView.swift */; };
		2404684A2C2C417700EC9935 /* ModaleTestView.swift in Sources */ = {isa = PBXBuildFile; fileRef = 240468492C2C417700EC9935 /* ModaleTestView.swift */; };
		2404684C2C2C486A00EC9935 /* TakePictureView.swift in Sources */ = {isa = PBXBuildFile; fileRef = 2404684B2C2C486A00EC9935 /* TakePictureView.swift */; };
		24F0A7732C21B1B100FDBAED /* fisherAppApp.swift in Sources */ = {isa = PBXBuildFile; fileRef = 24F0A7722C21B1B100FDBAED /* fisherAppApp.swift */; };
		24F0A7772C21B1B300FDBAED /* Assets.xcassets in Resources */ = {isa = PBXBuildFile; fileRef = 24F0A7762C21B1B300FDBAED /* Assets.xcassets */; };
		24F0A77A2C21B1B300FDBAED /* Preview Assets.xcassets in Resources */ = {isa = PBXBuildFile; fileRef = 24F0A7792C21B1B300FDBAED /* Preview Assets.xcassets */; };
/* End PBXBuildFile section */

/* Begin PBXFileReference section */
		240468042C24315B00EC9935 /* CameraView.swift */ = {isa = PBXFileReference; lastKnownFileType = sourcecode.swift; path = CameraView.swift; sourceTree = "<group>"; };
		240468082C2462FC00EC9935 /* FishDetector.mlmodel */ = {isa = PBXFileReference; lastKnownFileType = file.mlmodel; path = FishDetector.mlmodel; sourceTree = "<group>"; };
		2404680A2C24670B00EC9935 /* AnalyseView.swift */ = {isa = PBXFileReference; lastKnownFileType = sourcecode.swift; path = AnalyseView.swift; sourceTree = "<group>"; };
		2404680E2C247B1B00EC9935 /* ImageToPixelBuffer.swift */ = {isa = PBXFileReference; lastKnownFileType = sourcecode.swift; path = ImageToPixelBuffer.swift; sourceTree = "<group>"; };
		240468102C25649200EC9935 /* FishDetectorModel.swift */ = {isa = PBXFileReference; lastKnownFileType = sourcecode.swift; path = FishDetectorModel.swift; sourceTree = "<group>"; };
		240468372C2979EB00EC9935 /* dataFish.json */ = {isa = PBXFileReference; lastKnownFileType = text.json; path = dataFish.json; sourceTree = "<group>"; };
		240468392C297CB000EC9935 /* HomeView.swift */ = {isa = PBXFileReference; lastKnownFileType = sourcecode.swift; path = HomeView.swift; sourceTree = "<group>"; };
		2404683B2C29818E00EC9935 /* Fish.swift */ = {isa = PBXFileReference; lastKnownFileType = sourcecode.swift; path = Fish.swift; sourceTree = "<group>"; };
		2404683D2C299A6F00EC9935 /* Breed.swift */ = {isa = PBXFileReference; lastKnownFileType = sourcecode.swift; path = Breed.swift; sourceTree = "<group>"; };
		2404683F2C29A6DC00EC9935 /* FishDetail.swift */ = {isa = PBXFileReference; lastKnownFileType = sourcecode.swift; path = FishDetail.swift; sourceTree = "<group>"; };
		240468422C29BBF000EC9935 /* InformationIcon.swift */ = {isa = PBXFileReference; lastKnownFileType = sourcecode.swift; path = InformationIcon.swift; sourceTree = "<group>"; };
		240468452C2BF96100EC9935 /* ActivityView.swift */ = {isa = PBXFileReference; lastKnownFileType = sourcecode.swift; path = ActivityView.swift; sourceTree = "<group>"; };
		240468472C2C023C00EC9935 /* StatView.swift */ = {isa = PBXFileReference; lastKnownFileType = sourcecode.swift; path = StatView.swift; sourceTree = "<group>"; };
		240468492C2C417700EC9935 /* ModaleTestView.swift */ = {isa = PBXFileReference; lastKnownFileType = sourcecode.swift; path = ModaleTestView.swift; sourceTree = "<group>"; };
		2404684B2C2C486A00EC9935 /* TakePictureView.swift */ = {isa = PBXFileReference; lastKnownFileType = sourcecode.swift; path = TakePictureView.swift; sourceTree = "<group>"; };
		24F0A76F2C21B1B100FDBAED /* fisherApp.app */ = {isa = PBXFileReference; explicitFileType = wrapper.application; includeInIndex = 0; path = fisherApp.app; sourceTree = BUILT_PRODUCTS_DIR; };
		24F0A7722C21B1B100FDBAED /* fisherAppApp.swift */ = {isa = PBXFileReference; lastKnownFileType = sourcecode.swift; path = fisherAppApp.swift; sourceTree = "<group>"; };
		24F0A7762C21B1B300FDBAED /* Assets.xcassets */ = {isa = PBXFileReference; lastKnownFileType = folder.assetcatalog; path = Assets.xcassets; sourceTree = "<group>"; };
		24F0A7792C21B1B300FDBAED /* Preview Assets.xcassets */ = {isa = PBXFileReference; lastKnownFileType = folder.assetcatalog; path = "Preview Assets.xcassets"; sourceTree = "<group>"; };
/* End PBXFileReference section */

/* Begin PBXFrameworksBuildPhase section */
		24F0A76C2C21B1B100FDBAED /* Frameworks */ = {
			isa = PBXFrameworksBuildPhase;
			buildActionMask = 2147483647;
			files = (
			);
			runOnlyForDeploymentPostprocessing = 0;
		};
/* End PBXFrameworksBuildPhase section */

/* Begin PBXGroup section */
		240467D22C21C9E300EC9935 /* MLModels */ = {
			isa = PBXGroup;
			children = (
				240468082C2462FC00EC9935 /* FishDetector.mlmodel */,
			);
			path = MLModels;
			sourceTree = "<group>";
		};
		240467D42C21C9E300EC9935 /* Resources */ = {
			isa = PBXGroup;
			children = (
				240467D22C21C9E300EC9935 /* MLModels */,
			);
			path = Resources;
			sourceTree = "<group>";
		};
		240467DB2C21C9EA00EC9935 /* Views */ = {
			isa = PBXGroup;
			children = (
				240468042C24315B00EC9935 /* CameraView.swift */,
				2404680A2C24670B00EC9935 /* AnalyseView.swift */,
				240468392C297CB000EC9935 /* HomeView.swift */,
				240468492C2C417700EC9935 /* ModaleTestView.swift */,
				2404683F2C29A6DC00EC9935 /* FishDetail.swift */,
				2404684B2C2C486A00EC9935 /* TakePictureView.swift */,
			);
			path = Views;
			sourceTree = "<group>";
		};
		240467E02C21C9F100EC9935 /* Utilities */ = {
			isa = PBXGroup;
			children = (
				2404680E2C247B1B00EC9935 /* ImageToPixelBuffer.swift */,
			);
			path = Utilities;
			sourceTree = "<group>";
		};
		240467E22C21CA5900EC9935 /* Assets */ = {
			isa = PBXGroup;
			children = (
				24F0A7762C21B1B300FDBAED /* Assets.xcassets */,
			);
			path = Assets;
			sourceTree = "<group>";
		};
		240467FF2C22C7BE00EC9935 /* Models */ = {
			isa = PBXGroup;
			children = (
				240468102C25649200EC9935 /* FishDetectorModel.swift */,
				2404683B2C29818E00EC9935 /* Fish.swift */,
				2404683D2C299A6F00EC9935 /* Breed.swift */,
			);
			path = Models;
			sourceTree = "<group>";
		};
		240468362C2979C100EC9935 /* Data */ = {
			isa = PBXGroup;
			children = (
				240468372C2979EB00EC9935 /* dataFish.json */,
			);
			path = Data;
			sourceTree = "<group>";
		};
		240468412C29BBB600EC9935 /* Components */ = {
			isa = PBXGroup;
			children = (
				240468442C2BF94000EC9935 /* FishDetail */,
				240468422C29BBF000EC9935 /* InformationIcon.swift */,
			);
			path = Components;
			sourceTree = "<group>";
		};
		240468442C2BF94000EC9935 /* FishDetail */ = {
			isa = PBXGroup;
			children = (
				240468452C2BF96100EC9935 /* ActivityView.swift */,
				240468472C2C023C00EC9935 /* StatView.swift */,
			);
			path = FishDetail;
			sourceTree = "<group>";
		};
		24F0A7662C21B1B100FDBAED = {
			isa = PBXGroup;
			children = (
				24F0A7712C21B1B100FDBAED /* fisherApp */,
				24F0A7702C21B1B100FDBAED /* Products */,
			);
			sourceTree = "<group>";
		};
		24F0A7702C21B1B100FDBAED /* Products */ = {
			isa = PBXGroup;
			children = (
				24F0A76F2C21B1B100FDBAED /* fisherApp.app */,
			);
			name = Products;
			sourceTree = "<group>";
		};
		24F0A7712C21B1B100FDBAED /* fisherApp */ = {
			isa = PBXGroup;
			children = (
				240468412C29BBB600EC9935 /* Components */,
				240468362C2979C100EC9935 /* Data */,
				240467FF2C22C7BE00EC9935 /* Models */,
				240467E22C21CA5900EC9935 /* Assets */,
				24F0A7722C21B1B100FDBAED /* fisherAppApp.swift */,
				240467E02C21C9F100EC9935 /* Utilities */,
				240467DB2C21C9EA00EC9935 /* Views */,
				240467D42C21C9E300EC9935 /* Resources */,
				24F0A7782C21B1B300FDBAED /* Preview Content */,
			);
			path = fisherApp;
			sourceTree = "<group>";
		};
		24F0A7782C21B1B300FDBAED /* Preview Content */ = {
			isa = PBXGroup;
			children = (
				24F0A7792C21B1B300FDBAED /* Preview Assets.xcassets */,
			);
			path = "Preview Content";
			sourceTree = "<group>";
		};
/* End PBXGroup section */

/* Begin PBXNativeTarget section */
		24F0A76E2C21B1B100FDBAED /* fisherApp */ = {
			isa = PBXNativeTarget;
			buildConfigurationList = 24F0A77D2C21B1B300FDBAED /* Build configuration list for PBXNativeTarget "fisherApp" */;
			buildPhases = (
				24F0A76B2C21B1B100FDBAED /* Sources */,
				24F0A76C2C21B1B100FDBAED /* Frameworks */,
				24F0A76D2C21B1B100FDBAED /* Resources */,
			);
			buildRules = (
			);
			dependencies = (
			);
			name = fisherApp;
			productName = fisherApp;
			productReference = 24F0A76F2C21B1B100FDBAED /* fisherApp.app */;
			productType = "com.apple.product-type.application";
		};
/* End PBXNativeTarget section */

/* Begin PBXProject section */
		24F0A7672C21B1B100FDBAED /* Project object */ = {
			isa = PBXProject;
			attributes = {
				BuildIndependentTargetsInParallel = 1;
				LastSwiftUpdateCheck = 1540;
				LastUpgradeCheck = 1540;
				TargetAttributes = {
					24F0A76E2C21B1B100FDBAED = {
						CreatedOnToolsVersion = 15.4;
					};
				};
			};
			buildConfigurationList = 24F0A76A2C21B1B100FDBAED /* Build configuration list for PBXProject "fisherApp" */;
			compatibilityVersion = "Xcode 14.0";
			developmentRegion = en;
			hasScannedForEncodings = 0;
			knownRegions = (
				en,
				Base,
			);
			mainGroup = 24F0A7662C21B1B100FDBAED;
			productRefGroup = 24F0A7702C21B1B100FDBAED /* Products */;
			projectDirPath = "";
			projectRoot = "";
			targets = (
				24F0A76E2C21B1B100FDBAED /* fisherApp */,
			);
		};
/* End PBXProject section */

/* Begin PBXResourcesBuildPhase section */
		24F0A76D2C21B1B100FDBAED /* Resources */ = {
			isa = PBXResourcesBuildPhase;
			buildActionMask = 2147483647;
			files = (
				24F0A77A2C21B1B300FDBAED /* Preview Assets.xcassets in Resources */,
				24F0A7772C21B1B300FDBAED /* Assets.xcassets in Resources */,
				240468382C2979EB00EC9935 /* dataFish.json in Resources */,
			);
			runOnlyForDeploymentPostprocessing = 0;
		};
/* End PBXResourcesBuildPhase section */

/* Begin PBXSourcesBuildPhase section */
		24F0A76B2C21B1B100FDBAED /* Sources */ = {
			isa = PBXSourcesBuildPhase;
			buildActionMask = 2147483647;
			files = (
				240468092C2462FC00EC9935 /* FishDetector.mlmodel in Sources */,
				240468432C29BBF000EC9935 /* InformationIcon.swift in Sources */,
				2404684A2C2C417700EC9935 /* ModaleTestView.swift in Sources */,
				2404683A2C297CB000EC9935 /* HomeView.swift in Sources */,
				240468402C29A6DC00EC9935 /* FishDetail.swift in Sources */,
				2404680F2C247B1B00EC9935 /* ImageToPixelBuffer.swift in Sources */,
				240468482C2C023C00EC9935 /* StatView.swift in Sources */,
				240468462C2BF96100EC9935 /* ActivityView.swift in Sources */,
				2404684C2C2C486A00EC9935 /* TakePictureView.swift in Sources */,
				2404680B2C24670B00EC9935 /* AnalyseView.swift in Sources */,
				240468112C25649200EC9935 /* FishDetectorModel.swift in Sources */,
				240468052C24315B00EC9935 /* CameraView.swift in Sources */,
				24F0A7732C21B1B100FDBAED /* fisherAppApp.swift in Sources */,
				2404683E2C299A6F00EC9935 /* Breed.swift in Sources */,
				2404683C2C29818E00EC9935 /* Fish.swift in Sources */,
			);
			runOnlyForDeploymentPostprocessing = 0;
		};
/* End PBXSourcesBuildPhase section */

/* Begin XCBuildConfiguration section */
		24F0A77B2C21B1B300FDBAED /* Debug */ = {
			isa = XCBuildConfiguration;
			buildSettings = {
				ALWAYS_SEARCH_USER_PATHS = NO;
				ASSETCATALOG_COMPILER_GENERATE_SWIFT_ASSET_SYMBOL_EXTENSIONS = YES;
				CLANG_ANALYZER_NONNULL = YES;
				CLANG_ANALYZER_NUMBER_OBJECT_CONVERSION = YES_AGGRESSIVE;
				CLANG_CXX_LANGUAGE_STANDARD = "gnu++20";
				CLANG_ENABLE_MODULES = YES;
				CLANG_ENABLE_OBJC_ARC = YES;
				CLANG_ENABLE_OBJC_WEAK = YES;
				CLANG_WARN_BLOCK_CAPTURE_AUTORELEASING = YES;
				CLANG_WARN_BOOL_CONVERSION = YES;
				CLANG_WARN_COMMA = YES;
				CLANG_WARN_CONSTANT_CONVERSION = YES;
				CLANG_WARN_DEPRECATED_OBJC_IMPLEMENTATIONS = YES;
				CLANG_WARN_DIRECT_OBJC_ISA_USAGE = YES_ERROR;
				CLANG_WARN_DOCUMENTATION_COMMENTS = YES;
				CLANG_WARN_EMPTY_BODY = YES;
				CLANG_WARN_ENUM_CONVERSION = YES;
				CLANG_WARN_INFINITE_RECURSION = YES;
				CLANG_WARN_INT_CONVERSION = YES;
				CLANG_WARN_NON_LITERAL_NULL_CONVERSION = YES;
				CLANG_WARN_OBJC_IMPLICIT_RETAIN_SELF = YES;
				CLANG_WARN_OBJC_LITERAL_CONVERSION = YES;
				CLANG_WARN_OBJC_ROOT_CLASS = YES_ERROR;
				CLANG_WARN_QUOTED_INCLUDE_IN_FRAMEWORK_HEADER = YES;
				CLANG_WARN_RANGE_LOOP_ANALYSIS = YES;
				CLANG_WARN_STRICT_PROTOTYPES = YES;
				CLANG_WARN_SUSPICIOUS_MOVE = YES;
				CLANG_WARN_UNGUARDED_AVAILABILITY = YES_AGGRESSIVE;
				CLANG_WARN_UNREACHABLE_CODE = YES;
				CLANG_WARN__DUPLICATE_METHOD_MATCH = YES;
				COPY_PHASE_STRIP = NO;
				DEBUG_INFORMATION_FORMAT = dwarf;
				ENABLE_STRICT_OBJC_MSGSEND = YES;
				ENABLE_TESTABILITY = YES;
				ENABLE_USER_SCRIPT_SANDBOXING = YES;
				GCC_C_LANGUAGE_STANDARD = gnu17;
				GCC_DYNAMIC_NO_PIC = NO;
				GCC_NO_COMMON_BLOCKS = YES;
				GCC_OPTIMIZATION_LEVEL = 0;
				GCC_PREPROCESSOR_DEFINITIONS = (
					"DEBUG=1",
					"$(inherited)",
				);
				GCC_WARN_64_TO_32_BIT_CONVERSION = YES;
				GCC_WARN_ABOUT_RETURN_TYPE = YES_ERROR;
				GCC_WARN_UNDECLARED_SELECTOR = YES;
				GCC_WARN_UNINITIALIZED_AUTOS = YES_AGGRESSIVE;
				GCC_WARN_UNUSED_FUNCTION = YES;
				GCC_WARN_UNUSED_VARIABLE = YES;
				IPHONEOS_DEPLOYMENT_TARGET = 17.5;
				LOCALIZATION_PREFERS_STRING_CATALOGS = YES;
				MTL_ENABLE_DEBUG_INFO = INCLUDE_SOURCE;
				MTL_FAST_MATH = YES;
				ONLY_ACTIVE_ARCH = YES;
				SDKROOT = iphoneos;
				SWIFT_ACTIVE_COMPILATION_CONDITIONS = "DEBUG $(inherited)";
				SWIFT_OPTIMIZATION_LEVEL = "-Onone";
			};
			name = Debug;
		};
		24F0A77C2C21B1B300FDBAED /* Release */ = {
			isa = XCBuildConfiguration;
			buildSettings = {
				ALWAYS_SEARCH_USER_PATHS = NO;
				ASSETCATALOG_COMPILER_GENERATE_SWIFT_ASSET_SYMBOL_EXTENSIONS = YES;
				CLANG_ANALYZER_NONNULL = YES;
				CLANG_ANALYZER_NUMBER_OBJECT_CONVERSION = YES_AGGRESSIVE;
				CLANG_CXX_LANGUAGE_STANDARD = "gnu++20";
				CLANG_ENABLE_MODULES = YES;
				CLANG_ENABLE_OBJC_ARC = YES;
				CLANG_ENABLE_OBJC_WEAK = YES;
				CLANG_WARN_BLOCK_CAPTURE_AUTORELEASING = YES;
				CLANG_WARN_BOOL_CONVERSION = YES;
				CLANG_WARN_COMMA = YES;
				CLANG_WARN_CONSTANT_CONVERSION = YES;
				CLANG_WARN_DEPRECATED_OBJC_IMPLEMENTATIONS = YES;
				CLANG_WARN_DIRECT_OBJC_ISA_USAGE = YES_ERROR;
				CLANG_WARN_DOCUMENTATION_COMMENTS = YES;
				CLANG_WARN_EMPTY_BODY = YES;
				CLANG_WARN_ENUM_CONVERSION = YES;
				CLANG_WARN_INFINITE_RECURSION = YES;
				CLANG_WARN_INT_CONVERSION = YES;
				CLANG_WARN_NON_LITERAL_NULL_CONVERSION = YES;
				CLANG_WARN_OBJC_IMPLICIT_RETAIN_SELF = YES;
				CLANG_WARN_OBJC_LITERAL_CONVERSION = YES;
				CLANG_WARN_OBJC_ROOT_CLASS = YES_ERROR;
				CLANG_WARN_QUOTED_INCLUDE_IN_FRAMEWORK_HEADER = YES;
				CLANG_WARN_RANGE_LOOP_ANALYSIS = YES;
				CLANG_WARN_STRICT_PROTOTYPES = YES;
				CLANG_WARN_SUSPICIOUS_MOVE = YES;
				CLANG_WARN_UNGUARDED_AVAILABILITY = YES_AGGRESSIVE;
				CLANG_WARN_UNREACHABLE_CODE = YES;
				CLANG_WARN__DUPLICATE_METHOD_MATCH = YES;
				COPY_PHASE_STRIP = NO;
				DEBUG_INFORMATION_FORMAT = "dwarf-with-dsym";
				ENABLE_NS_ASSERTIONS = NO;
				ENABLE_STRICT_OBJC_MSGSEND = YES;
				ENABLE_USER_SCRIPT_SANDBOXING = YES;
				GCC_C_LANGUAGE_STANDARD = gnu17;
				GCC_NO_COMMON_BLOCKS = YES;
				GCC_WARN_64_TO_32_BIT_CONVERSION = YES;
				GCC_WARN_ABOUT_RETURN_TYPE = YES_ERROR;
				GCC_WARN_UNDECLARED_SELECTOR = YES;
				GCC_WARN_UNINITIALIZED_AUTOS = YES_AGGRESSIVE;
				GCC_WARN_UNUSED_FUNCTION = YES;
				GCC_WARN_UNUSED_VARIABLE = YES;
				IPHONEOS_DEPLOYMENT_TARGET = 17.5;
				LOCALIZATION_PREFERS_STRING_CATALOGS = YES;
				MTL_ENABLE_DEBUG_INFO = NO;
				MTL_FAST_MATH = YES;
				SDKROOT = iphoneos;
				SWIFT_COMPILATION_MODE = wholemodule;
				VALIDATE_PRODUCT = YES;
			};
			name = Release;
		};
		24F0A77E2C21B1B300FDBAED /* Debug */ = {
			isa = XCBuildConfiguration;
			buildSettings = {
				ASSETCATALOG_COMPILER_APPICON_NAME = AppIcon;
				ASSETCATALOG_COMPILER_GLOBAL_ACCENT_COLOR_NAME = AccentColor;
				CODE_SIGN_STYLE = Automatic;
				CURRENT_PROJECT_VERSION = 1;
				DEVELOPMENT_ASSET_PATHS = "\"fisherApp/Preview Content\"";
				DEVELOPMENT_TEAM = 3NM5QV7PF3;
				ENABLE_PREVIEWS = YES;
				GENERATE_INFOPLIST_FILE = YES;
				INFOPLIST_FILE = fisherApp/Info.plist;
				INFOPLIST_KEY_NSCameraUsageDescription = camera;
				INFOPLIST_KEY_NSPhotoLibraryAddUsageDescription = more;
				INFOPLIST_KEY_NSPhotoLibraryUsageDescription = photo;
				INFOPLIST_KEY_UIApplicationSceneManifest_Generation = YES;
				INFOPLIST_KEY_UIApplicationSupportsIndirectInputEvents = YES;
				INFOPLIST_KEY_UILaunchScreen_Generation = YES;
				INFOPLIST_KEY_UISupportedInterfaceOrientations_iPad = "UIInterfaceOrientationPortrait UIInterfaceOrientationPortraitUpsideDown UIInterfaceOrientationLandscapeLeft UIInterfaceOrientationLandscapeRight";
				INFOPLIST_KEY_UISupportedInterfaceOrientations_iPhone = "UIInterfaceOrientationPortrait UIInterfaceOrientationLandscapeLeft UIInterfaceOrientationLandscapeRight";
				IPHONEOS_DEPLOYMENT_TARGET = 17.5;
				LD_RUNPATH_SEARCH_PATHS = (
					"$(inherited)",
					"@executable_path/Frameworks",
				);
				MARKETING_VERSION = 1.0;
				PRODUCT_BUNDLE_IDENTIFIER = theomarie.fisherApp;
				PRODUCT_NAME = "$(TARGET_NAME)";
				SWIFT_EMIT_LOC_STRINGS = YES;
				SWIFT_VERSION = 5.0;
				TARGETED_DEVICE_FAMILY = "1,2";
			};
			name = Debug;
		};
		24F0A77F2C21B1B300FDBAED /* Release */ = {
			isa = XCBuildConfiguration;
			buildSettings = {
				ASSETCATALOG_COMPILER_APPICON_NAME = AppIcon;
				ASSETCATALOG_COMPILER_GLOBAL_ACCENT_COLOR_NAME = AccentColor;
				CODE_SIGN_STYLE = Automatic;
				CURRENT_PROJECT_VERSION = 1;
				DEVELOPMENT_ASSET_PATHS = "\"fisherApp/Preview Content\"";
				DEVELOPMENT_TEAM = 3NM5QV7PF3;
				ENABLE_PREVIEWS = YES;
				GENERATE_INFOPLIST_FILE = YES;
				INFOPLIST_FILE = fisherApp/Info.plist;
				INFOPLIST_KEY_NSCameraUsageDescription = camera;
				INFOPLIST_KEY_NSPhotoLibraryAddUsageDescription = more;
				INFOPLIST_KEY_NSPhotoLibraryUsageDescription = photo;
				INFOPLIST_KEY_UIApplicationSceneManifest_Generation = YES;
				INFOPLIST_KEY_UIApplicationSupportsIndirectInputEvents = YES;
				INFOPLIST_KEY_UILaunchScreen_Generation = YES;
				INFOPLIST_KEY_UISupportedInterfaceOrientations_iPad = "UIInterfaceOrientationPortrait UIInterfaceOrientationPortraitUpsideDown UIInterfaceOrientationLandscapeLeft UIInterfaceOrientationLandscapeRight";
				INFOPLIST_KEY_UISupportedInterfaceOrientations_iPhone = "UIInterfaceOrientationPortrait UIInterfaceOrientationLandscapeLeft UIInterfaceOrientationLandscapeRight";
				IPHONEOS_DEPLOYMENT_TARGET = 17.5;
				LD_RUNPATH_SEARCH_PATHS = (
					"$(inherited)",
					"@executable_path/Frameworks",
				);
				MARKETING_VERSION = 1.0;
				PRODUCT_BUNDLE_IDENTIFIER = theomarie.fisherApp;
				PRODUCT_NAME = "$(TARGET_NAME)";
				SWIFT_EMIT_LOC_STRINGS = YES;
				SWIFT_VERSION = 5.0;
				TARGETED_DEVICE_FAMILY = "1,2";
			};
			name = Release;
		};
/* End XCBuildConfiguration section */

/* Begin XCConfigurationList section */
		24F0A76A2C21B1B100FDBAED /* Build configuration list for PBXProject "fisherApp" */ = {
			isa = XCConfigurationList;
			buildConfigurations = (
				24F0A77B2C21B1B300FDBAED /* Debug */,
				24F0A77C2C21B1B300FDBAED /* Release */,
			);
			defaultConfigurationIsVisible = 0;
			defaultConfigurationName = Release;
		};
		24F0A77D2C21B1B300FDBAED /* Build configuration list for PBXNativeTarget "fisherApp" */ = {
			isa = XCConfigurationList;
			buildConfigurations = (
				24F0A77E2C21B1B300FDBAED /* Debug */,
				24F0A77F2C21B1B300FDBAED /* Release */,
			);
			defaultConfigurationIsVisible = 0;
			defaultConfigurationName = Release;
		};
/* End XCConfigurationList section */
	};
	rootObject = 24F0A7672C21B1B100FDBAED /* Project object */;
}
